// !$*UTF8*$!
{
	archiveVersion = 1;
	classes = {
	};
	objectVersion = 56;
	objects = {

/* Begin PBXBuildFile section */
		4022E5442A646A1600A57133 /* YoutubeVideoView.swift in Sources */ = {isa = PBXBuildFile; fileRef = 4022E5432A646A1600A57133 /* YoutubeVideoView.swift */; };
		40579A712A5F46EF00709AE5 /* NetflixCloneAppSwiftUIApp.swift in Sources */ = {isa = PBXBuildFile; fileRef = 40579A702A5F46EF00709AE5 /* NetflixCloneAppSwiftUIApp.swift */; };
		40579A752A5F46F100709AE5 /* Assets.xcassets in Resources */ = {isa = PBXBuildFile; fileRef = 40579A742A5F46F100709AE5 /* Assets.xcassets */; };
		40579A782A5F46F100709AE5 /* Preview Assets.xcassets in Resources */ = {isa = PBXBuildFile; fileRef = 40579A772A5F46F100709AE5 /* Preview Assets.xcassets */; };
		40579A842A5F477E00709AE5 /* HomeView.swift in Sources */ = {isa = PBXBuildFile; fileRef = 40579A832A5F477E00709AE5 /* HomeView.swift */; };
		40579A882A5F47D300709AE5 /* MainTabView.swift in Sources */ = {isa = PBXBuildFile; fileRef = 40579A872A5F47D300709AE5 /* MainTabView.swift */; };
		40579A8D2A5F4A7000709AE5 /* ComingSoonView.swift in Sources */ = {isa = PBXBuildFile; fileRef = 40579A8C2A5F4A7000709AE5 /* ComingSoonView.swift */; };
		40579A8F2A5F4A7A00709AE5 /* TopSearchView.swift in Sources */ = {isa = PBXBuildFile; fileRef = 40579A8E2A5F4A7A00709AE5 /* TopSearchView.swift */; };
		40579A912A5F4A8700709AE5 /* DownloadsView.swift in Sources */ = {isa = PBXBuildFile; fileRef = 40579A902A5F4A8700709AE5 /* DownloadsView.swift */; };
		40579A942A5F4BE600709AE5 /* DetailView.swift in Sources */ = {isa = PBXBuildFile; fileRef = 40579A932A5F4BE600709AE5 /* DetailView.swift */; };
		40579A962A5F4C9E00709AE5 /* HeaderView.swift in Sources */ = {isa = PBXBuildFile; fileRef = 40579A952A5F4C9E00709AE5 /* HeaderView.swift */; };
		40579A982A5F4E1600709AE5 /* PosterView.swift in Sources */ = {isa = PBXBuildFile; fileRef = 40579A972A5F4E1600709AE5 /* PosterView.swift */; };
		40579A9A2A5F564000709AE5 /* SectionsOfMovies.swift in Sources */ = {isa = PBXBuildFile; fileRef = 40579A992A5F564000709AE5 /* SectionsOfMovies.swift */; };
		40579A9C2A5F5CFF00709AE5 /* APICall.swift in Sources */ = {isa = PBXBuildFile; fileRef = 40579A9B2A5F5CFF00709AE5 /* APICall.swift */; };
		40579A9E2A5F603E00709AE5 /* HomeViewViewModel.swift in Sources */ = {isa = PBXBuildFile; fileRef = 40579A9D2A5F603E00709AE5 /* HomeViewViewModel.swift */; };
		40579AA02A5F605F00709AE5 /* Movie.swift in Sources */ = {isa = PBXBuildFile; fileRef = 40579A9F2A5F605F00709AE5 /* Movie.swift */; };
		40579AA52A5F799200709AE5 /* Kingfisher in Frameworks */ = {isa = PBXBuildFile; productRef = 40579AA42A5F799200709AE5 /* Kingfisher */; };
		40579AA82A5FA22F00709AE5 /* YouTubePlayerKit in Frameworks */ = {isa = PBXBuildFile; productRef = 40579AA72A5FA22E00709AE5 /* YouTubePlayerKit */; };
		40579AAB2A5FA5E100709AE5 /* DetailViewViewModel.swift in Sources */ = {isa = PBXBuildFile; fileRef = 40579AAA2A5FA5E100709AE5 /* DetailViewViewModel.swift */; };
		40579AAD2A5FA60200709AE5 /* Youtube.swift in Sources */ = {isa = PBXBuildFile; fileRef = 40579AAC2A5FA60200709AE5 /* Youtube.swift */; };
		40579AAF2A607D7F00709AE5 /* ComingSoonViewModel.swift in Sources */ = {isa = PBXBuildFile; fileRef = 40579AAE2A607D7F00709AE5 /* ComingSoonViewModel.swift */; };
		40579AB12A60855A00709AE5 /* TopSearchViewModel.swift in Sources */ = {isa = PBXBuildFile; fileRef = 40579AB02A60855A00709AE5 /* TopSearchViewModel.swift */; };
		40579AB52A609A4200709AE5 /* MovieRowView.swift in Sources */ = {isa = PBXBuildFile; fileRef = 40579AB42A609A4200709AE5 /* MovieRowView.swift */; };
/* End PBXBuildFile section */

/* Begin PBXFileReference section */
		4022E5432A646A1600A57133 /* YoutubeVideoView.swift */ = {isa = PBXFileReference; lastKnownFileType = sourcecode.swift; path = YoutubeVideoView.swift; sourceTree = "<group>"; };
		40579A6D2A5F46EF00709AE5 /* NetflixCloneAppSwiftUI.app */ = {isa = PBXFileReference; explicitFileType = wrapper.application; includeInIndex = 0; path = NetflixCloneAppSwiftUI.app; sourceTree = BUILT_PRODUCTS_DIR; };
		40579A702A5F46EF00709AE5 /* NetflixCloneAppSwiftUIApp.swift */ = {isa = PBXFileReference; lastKnownFileType = sourcecode.swift; path = NetflixCloneAppSwiftUIApp.swift; sourceTree = "<group>"; };
		40579A742A5F46F100709AE5 /* Assets.xcassets */ = {isa = PBXFileReference; lastKnownFileType = folder.assetcatalog; path = Assets.xcassets; sourceTree = "<group>"; };
		40579A772A5F46F100709AE5 /* Preview Assets.xcassets */ = {isa = PBXFileReference; lastKnownFileType = folder.assetcatalog; path = "Preview Assets.xcassets"; sourceTree = "<group>"; };
		40579A832A5F477E00709AE5 /* HomeView.swift */ = {isa = PBXFileReference; lastKnownFileType = sourcecode.swift; path = HomeView.swift; sourceTree = "<group>"; };
		40579A872A5F47D300709AE5 /* MainTabView.swift */ = {isa = PBXFileReference; lastKnownFileType = sourcecode.swift; path = MainTabView.swift; sourceTree = "<group>"; };
		40579A8C2A5F4A7000709AE5 /* ComingSoonView.swift */ = {isa = PBXFileReference; lastKnownFileType = sourcecode.swift; path = ComingSoonView.swift; sourceTree = "<group>"; };
		40579A8E2A5F4A7A00709AE5 /* TopSearchView.swift */ = {isa = PBXFileReference; lastKnownFileType = sourcecode.swift; path = TopSearchView.swift; sourceTree = "<group>"; };
		40579A902A5F4A8700709AE5 /* DownloadsView.swift */ = {isa = PBXFileReference; lastKnownFileType = sourcecode.swift; path = DownloadsView.swift; sourceTree = "<group>"; };
		40579A932A5F4BE600709AE5 /* DetailView.swift */ = {isa = PBXFileReference; lastKnownFileType = sourcecode.swift; path = DetailView.swift; sourceTree = "<group>"; };
		40579A952A5F4C9E00709AE5 /* HeaderView.swift */ = {isa = PBXFileReference; lastKnownFileType = sourcecode.swift; path = HeaderView.swift; sourceTree = "<group>"; };
		40579A972A5F4E1600709AE5 /* PosterView.swift */ = {isa = PBXFileReference; lastKnownFileType = sourcecode.swift; path = PosterView.swift; sourceTree = "<group>"; };
		40579A992A5F564000709AE5 /* SectionsOfMovies.swift */ = {isa = PBXFileReference; lastKnownFileType = sourcecode.swift; path = SectionsOfMovies.swift; sourceTree = "<group>"; };
		40579A9B2A5F5CFF00709AE5 /* APICall.swift */ = {isa = PBXFileReference; lastKnownFileType = sourcecode.swift; path = APICall.swift; sourceTree = "<group>"; };
		40579A9D2A5F603E00709AE5 /* HomeViewViewModel.swift */ = {isa = PBXFileReference; lastKnownFileType = sourcecode.swift; path = HomeViewViewModel.swift; sourceTree = "<group>"; };
		40579A9F2A5F605F00709AE5 /* Movie.swift */ = {isa = PBXFileReference; lastKnownFileType = sourcecode.swift; path = Movie.swift; sourceTree = "<group>"; };
		40579AAA2A5FA5E100709AE5 /* DetailViewViewModel.swift */ = {isa = PBXFileReference; lastKnownFileType = sourcecode.swift; path = DetailViewViewModel.swift; sourceTree = "<group>"; };
		40579AAC2A5FA60200709AE5 /* Youtube.swift */ = {isa = PBXFileReference; lastKnownFileType = sourcecode.swift; path = Youtube.swift; sourceTree = "<group>"; };
		40579AAE2A607D7F00709AE5 /* ComingSoonViewModel.swift */ = {isa = PBXFileReference; lastKnownFileType = sourcecode.swift; path = ComingSoonViewModel.swift; sourceTree = "<group>"; };
		40579AB02A60855A00709AE5 /* TopSearchViewModel.swift */ = {isa = PBXFileReference; lastKnownFileType = sourcecode.swift; path = TopSearchViewModel.swift; sourceTree = "<group>"; };
		40579AB42A609A4200709AE5 /* MovieRowView.swift */ = {isa = PBXFileReference; lastKnownFileType = sourcecode.swift; path = MovieRowView.swift; sourceTree = "<group>"; };
/* End PBXFileReference section */

/* Begin PBXFrameworksBuildPhase section */
		40579A6A2A5F46EF00709AE5 /* Frameworks */ = {
			isa = PBXFrameworksBuildPhase;
			buildActionMask = 2147483647;
			files = (
				40579AA82A5FA22F00709AE5 /* YouTubePlayerKit in Frameworks */,
				40579AA52A5F799200709AE5 /* Kingfisher in Frameworks */,
			);
			runOnlyForDeploymentPostprocessing = 0;
		};
/* End PBXFrameworksBuildPhase section */

/* Begin PBXGroup section */
		40579A642A5F46EF00709AE5 = {
			isa = PBXGroup;
			children = (
				40579A6F2A5F46EF00709AE5 /* NetflixCloneAppSwiftUI */,
				40579A6E2A5F46EF00709AE5 /* Products */,
			);
			sourceTree = "<group>";
		};
		40579A6E2A5F46EF00709AE5 /* Products */ = {
			isa = PBXGroup;
			children = (
				40579A6D2A5F46EF00709AE5 /* NetflixCloneAppSwiftUI.app */,
			);
			name = Products;
			sourceTree = "<group>";
		};
		40579A6F2A5F46EF00709AE5 /* NetflixCloneAppSwiftUI */ = {
			isa = PBXGroup;
			children = (
				40579A7E2A5F470500709AE5 /* App */,
				40579A812A5F472C00709AE5 /* Service */,
				40579A802A5F471A00709AE5 /* Core */,
				40579A7F2A5F471400709AE5 /* Model */,
				40579A742A5F46F100709AE5 /* Assets.xcassets */,
				40579A762A5F46F100709AE5 /* Preview Content */,
			);
			path = NetflixCloneAppSwiftUI;
			sourceTree = "<group>";
		};
		40579A762A5F46F100709AE5 /* Preview Content */ = {
			isa = PBXGroup;
			children = (
				40579A772A5F46F100709AE5 /* Preview Assets.xcassets */,
			);
			path = "Preview Content";
			sourceTree = "<group>";
		};
		40579A7E2A5F470500709AE5 /* App */ = {
			isa = PBXGroup;
			children = (
				40579A702A5F46EF00709AE5 /* NetflixCloneAppSwiftUIApp.swift */,
			);
			path = App;
			sourceTree = "<group>";
		};
		40579A7F2A5F471400709AE5 /* Model */ = {
			isa = PBXGroup;
			children = (
				40579A9F2A5F605F00709AE5 /* Movie.swift */,
				40579AAC2A5FA60200709AE5 /* Youtube.swift */,
			);
			path = Model;
			sourceTree = "<group>";
		};
		40579A802A5F471A00709AE5 /* Core */ = {
			isa = PBXGroup;
			children = (
				40579AA92A5FA5AD00709AE5 /* Detail */,
				40579A922A5F4BCF00709AE5 /* Components */,
				40579A822A5F476B00709AE5 /* Home */,
				40579A892A5F4A1B00709AE5 /* ComingSoon */,
				40579A8A2A5F4A2900709AE5 /* TopSearch */,
				40579A8B2A5F4A3100709AE5 /* Downloads */,
				40579A872A5F47D300709AE5 /* MainTabView.swift */,
			);
			path = Core;
			sourceTree = "<group>";
		};
		40579A812A5F472C00709AE5 /* Service */ = {
			isa = PBXGroup;
			children = (
				40579A9B2A5F5CFF00709AE5 /* APICall.swift */,
			);
			path = Service;
			sourceTree = "<group>";
		};
		40579A822A5F476B00709AE5 /* Home */ = {
			isa = PBXGroup;
			children = (
				40579A832A5F477E00709AE5 /* HomeView.swift */,
				40579A9D2A5F603E00709AE5 /* HomeViewViewModel.swift */,
			);
			path = Home;
			sourceTree = "<group>";
		};
		40579A892A5F4A1B00709AE5 /* ComingSoon */ = {
			isa = PBXGroup;
			children = (
				40579A8C2A5F4A7000709AE5 /* ComingSoonView.swift */,
				40579AAE2A607D7F00709AE5 /* ComingSoonViewModel.swift */,
			);
			path = ComingSoon;
			sourceTree = "<group>";
		};
		40579A8A2A5F4A2900709AE5 /* TopSearch */ = {
			isa = PBXGroup;
			children = (
				40579A8E2A5F4A7A00709AE5 /* TopSearchView.swift */,
				40579AB02A60855A00709AE5 /* TopSearchViewModel.swift */,
			);
			path = TopSearch;
			sourceTree = "<group>";
		};
		40579A8B2A5F4A3100709AE5 /* Downloads */ = {
			isa = PBXGroup;
			children = (
				40579A902A5F4A8700709AE5 /* DownloadsView.swift */,
			);
			path = Downloads;
			sourceTree = "<group>";
		};
		40579A922A5F4BCF00709AE5 /* Components */ = {
			isa = PBXGroup;
			children = (
				40579A992A5F564000709AE5 /* SectionsOfMovies.swift */,
				40579A952A5F4C9E00709AE5 /* HeaderView.swift */,
				40579A972A5F4E1600709AE5 /* PosterView.swift */,
				40579AB42A609A4200709AE5 /* MovieRowView.swift */,
				4022E5432A646A1600A57133 /* YoutubeVideoView.swift */,
			);
			path = Components;
			sourceTree = "<group>";
		};
		40579AA92A5FA5AD00709AE5 /* Detail */ = {
			isa = PBXGroup;
			children = (
				40579A932A5F4BE600709AE5 /* DetailView.swift */,
				40579AAA2A5FA5E100709AE5 /* DetailViewViewModel.swift */,
			);
			path = Detail;
			sourceTree = "<group>";
		};
/* End PBXGroup section */

/* Begin PBXNativeTarget section */
		40579A6C2A5F46EF00709AE5 /* NetflixCloneAppSwiftUI */ = {
			isa = PBXNativeTarget;
			buildConfigurationList = 40579A7B2A5F46F100709AE5 /* Build configuration list for PBXNativeTarget "NetflixCloneAppSwiftUI" */;
			buildPhases = (
				40579A692A5F46EF00709AE5 /* Sources */,
				40579A6A2A5F46EF00709AE5 /* Frameworks */,
				40579A6B2A5F46EF00709AE5 /* Resources */,
			);
			buildRules = (
			);
			dependencies = (
			);
			name = NetflixCloneAppSwiftUI;
			packageProductDependencies = (
				40579AA42A5F799200709AE5 /* Kingfisher */,
				40579AA72A5FA22E00709AE5 /* YouTubePlayerKit */,
			);
			productName = NetflixCloneAppSwiftUI;
			productReference = 40579A6D2A5F46EF00709AE5 /* NetflixCloneAppSwiftUI.app */;
			productType = "com.apple.product-type.application";
		};
/* End PBXNativeTarget section */

/* Begin PBXProject section */
		40579A652A5F46EF00709AE5 /* Project object */ = {
			isa = PBXProject;
			attributes = {
				BuildIndependentTargetsInParallel = 1;
				LastSwiftUpdateCheck = 1430;
				LastUpgradeCheck = 1430;
				TargetAttributes = {
					40579A6C2A5F46EF00709AE5 = {
						CreatedOnToolsVersion = 14.3.1;
					};
				};
			};
			buildConfigurationList = 40579A682A5F46EF00709AE5 /* Build configuration list for PBXProject "NetflixCloneAppSwiftUI" */;
			compatibilityVersion = "Xcode 14.0";
			developmentRegion = en;
			hasScannedForEncodings = 0;
			knownRegions = (
				en,
				Base,
			);
			mainGroup = 40579A642A5F46EF00709AE5;
			packageReferences = (
				40579AA32A5F799200709AE5 /* XCRemoteSwiftPackageReference "Kingfisher" */,
				40579AA62A5FA22E00709AE5 /* XCRemoteSwiftPackageReference "YouTubePlayerKit" */,
			);
			productRefGroup = 40579A6E2A5F46EF00709AE5 /* Products */;
			projectDirPath = "";
			projectRoot = "";
			targets = (
				40579A6C2A5F46EF00709AE5 /* NetflixCloneAppSwiftUI */,
			);
		};
/* End PBXProject section */

/* Begin PBXResourcesBuildPhase section */
		40579A6B2A5F46EF00709AE5 /* Resources */ = {
			isa = PBXResourcesBuildPhase;
			buildActionMask = 2147483647;
			files = (
				40579A782A5F46F100709AE5 /* Preview Assets.xcassets in Resources */,
				40579A752A5F46F100709AE5 /* Assets.xcassets in Resources */,
			);
			runOnlyForDeploymentPostprocessing = 0;
		};
/* End PBXResourcesBuildPhase section */

/* Begin PBXSourcesBuildPhase section */
		40579A692A5F46EF00709AE5 /* Sources */ = {
			isa = PBXSourcesBuildPhase;
			buildActionMask = 2147483647;
			files = (
				40579A712A5F46EF00709AE5 /* NetflixCloneAppSwiftUIApp.swift in Sources */,
				40579A842A5F477E00709AE5 /* HomeView.swift in Sources */,
				40579A8D2A5F4A7000709AE5 /* ComingSoonView.swift in Sources */,
				40579A9C2A5F5CFF00709AE5 /* APICall.swift in Sources */,
				40579A942A5F4BE600709AE5 /* DetailView.swift in Sources */,
				40579AB12A60855A00709AE5 /* TopSearchViewModel.swift in Sources */,
				40579A8F2A5F4A7A00709AE5 /* TopSearchView.swift in Sources */,
				40579A912A5F4A8700709AE5 /* DownloadsView.swift in Sources */,
				40579A882A5F47D300709AE5 /* MainTabView.swift in Sources */,
				4022E5442A646A1600A57133 /* YoutubeVideoView.swift in Sources */,
				40579AA02A5F605F00709AE5 /* Movie.swift in Sources */,
				40579AB52A609A4200709AE5 /* MovieRowView.swift in Sources */,
				40579A962A5F4C9E00709AE5 /* HeaderView.swift in Sources */,
				40579A982A5F4E1600709AE5 /* PosterView.swift in Sources */,
				40579A9E2A5F603E00709AE5 /* HomeViewViewModel.swift in Sources */,
				40579AAF2A607D7F00709AE5 /* ComingSoonViewModel.swift in Sources */,
				40579AAD2A5FA60200709AE5 /* Youtube.swift in Sources */,
				40579AAB2A5FA5E100709AE5 /* DetailViewViewModel.swift in Sources */,
				40579A9A2A5F564000709AE5 /* SectionsOfMovies.swift in Sources */,
			);
			runOnlyForDeploymentPostprocessing = 0;
		};
/* End PBXSourcesBuildPhase section */

/* Begin XCBuildConfiguration section */
		40579A792A5F46F100709AE5 /* Debug */ = {
			isa = XCBuildConfiguration;
			buildSettings = {
				ALWAYS_SEARCH_USER_PATHS = NO;
				CLANG_ANALYZER_NONNULL = YES;
				CLANG_ANALYZER_NUMBER_OBJECT_CONVERSION = YES_AGGRESSIVE;
				CLANG_CXX_LANGUAGE_STANDARD = "gnu++20";
				CLANG_ENABLE_MODULES = YES;
				CLANG_ENABLE_OBJC_ARC = YES;
				CLANG_ENABLE_OBJC_WEAK = YES;
				CLANG_WARN_BLOCK_CAPTURE_AUTORELEASING = YES;
				CLANG_WARN_BOOL_CONVERSION = YES;
				CLANG_WARN_COMMA = YES;
				CLANG_WARN_CONSTANT_CONVERSION = YES;
				CLANG_WARN_DEPRECATED_OBJC_IMPLEMENTATIONS = YES;
				CLANG_WARN_DIRECT_OBJC_ISA_USAGE = YES_ERROR;
				CLANG_WARN_DOCUMENTATION_COMMENTS = YES;
				CLANG_WARN_EMPTY_BODY = YES;
				CLANG_WARN_ENUM_CONVERSION = YES;
				CLANG_WARN_INFINITE_RECURSION = YES;
				CLANG_WARN_INT_CONVERSION = YES;
				CLANG_WARN_NON_LITERAL_NULL_CONVERSION = YES;
				CLANG_WARN_OBJC_IMPLICIT_RETAIN_SELF = YES;
				CLANG_WARN_OBJC_LITERAL_CONVERSION = YES;
				CLANG_WARN_OBJC_ROOT_CLASS = YES_ERROR;
				CLANG_WARN_QUOTED_INCLUDE_IN_FRAMEWORK_HEADER = YES;
				CLANG_WARN_RANGE_LOOP_ANALYSIS = YES;
				CLANG_WARN_STRICT_PROTOTYPES = YES;
				CLANG_WARN_SUSPICIOUS_MOVE = YES;
				CLANG_WARN_UNGUARDED_AVAILABILITY = YES_AGGRESSIVE;
				CLANG_WARN_UNREACHABLE_CODE = YES;
				CLANG_WARN__DUPLICATE_METHOD_MATCH = YES;
				COPY_PHASE_STRIP = NO;
				DEBUG_INFORMATION_FORMAT = dwarf;
				ENABLE_STRICT_OBJC_MSGSEND = YES;
				ENABLE_TESTABILITY = YES;
				GCC_C_LANGUAGE_STANDARD = gnu11;
				GCC_DYNAMIC_NO_PIC = NO;
				GCC_NO_COMMON_BLOCKS = YES;
				GCC_OPTIMIZATION_LEVEL = 0;
				GCC_PREPROCESSOR_DEFINITIONS = (
					"DEBUG=1",
					"$(inherited)",
				);
				GCC_WARN_64_TO_32_BIT_CONVERSION = YES;
				GCC_WARN_ABOUT_RETURN_TYPE = YES_ERROR;
				GCC_WARN_UNDECLARED_SELECTOR = YES;
				GCC_WARN_UNINITIALIZED_AUTOS = YES_AGGRESSIVE;
				GCC_WARN_UNUSED_FUNCTION = YES;
				GCC_WARN_UNUSED_VARIABLE = YES;
				IPHONEOS_DEPLOYMENT_TARGET = 16.4;
				MTL_ENABLE_DEBUG_INFO = INCLUDE_SOURCE;
				MTL_FAST_MATH = YES;
				ONLY_ACTIVE_ARCH = YES;
				SDKROOT = iphoneos;
				SWIFT_ACTIVE_COMPILATION_CONDITIONS = DEBUG;
				SWIFT_OPTIMIZATION_LEVEL = "-Onone";
			};
			name = Debug;
		};
		40579A7A2A5F46F100709AE5 /* Release */ = {
			isa = XCBuildConfiguration;
			buildSettings = {
				ALWAYS_SEARCH_USER_PATHS = NO;
				CLANG_ANALYZER_NONNULL = YES;
				CLANG_ANALYZER_NUMBER_OBJECT_CONVERSION = YES_AGGRESSIVE;
				CLANG_CXX_LANGUAGE_STANDARD = "gnu++20";
				CLANG_ENABLE_MODULES = YES;
				CLANG_ENABLE_OBJC_ARC = YES;
				CLANG_ENABLE_OBJC_WEAK = YES;
				CLANG_WARN_BLOCK_CAPTURE_AUTORELEASING = YES;
				CLANG_WARN_BOOL_CONVERSION = YES;
				CLANG_WARN_COMMA = YES;
				CLANG_WARN_CONSTANT_CONVERSION = YES;
				CLANG_WARN_DEPRECATED_OBJC_IMPLEMENTATIONS = YES;
				CLANG_WARN_DIRECT_OBJC_ISA_USAGE = YES_ERROR;
				CLANG_WARN_DOCUMENTATION_COMMENTS = YES;
				CLANG_WARN_EMPTY_BODY = YES;
				CLANG_WARN_ENUM_CONVERSION = YES;
				CLANG_WARN_INFINITE_RECURSION = YES;
				CLANG_WARN_INT_CONVERSION = YES;
				CLANG_WARN_NON_LITERAL_NULL_CONVERSION = YES;
				CLANG_WARN_OBJC_IMPLICIT_RETAIN_SELF = YES;
				CLANG_WARN_OBJC_LITERAL_CONVERSION = YES;
				CLANG_WARN_OBJC_ROOT_CLASS = YES_ERROR;
				CLANG_WARN_QUOTED_INCLUDE_IN_FRAMEWORK_HEADER = YES;
				CLANG_WARN_RANGE_LOOP_ANALYSIS = YES;
				CLANG_WARN_STRICT_PROTOTYPES = YES;
				CLANG_WARN_SUSPICIOUS_MOVE = YES;
				CLANG_WARN_UNGUARDED_AVAILABILITY = YES_AGGRESSIVE;
				CLANG_WARN_UNREACHABLE_CODE = YES;
				CLANG_WARN__DUPLICATE_METHOD_MATCH = YES;
				COPY_PHASE_STRIP = NO;
				DEBUG_INFORMATION_FORMAT = "dwarf-with-dsym";
				ENABLE_NS_ASSERTIONS = NO;
				ENABLE_STRICT_OBJC_MSGSEND = YES;
				GCC_C_LANGUAGE_STANDARD = gnu11;
				GCC_NO_COMMON_BLOCKS = YES;
				GCC_WARN_64_TO_32_BIT_CONVERSION = YES;
				GCC_WARN_ABOUT_RETURN_TYPE = YES_ERROR;
				GCC_WARN_UNDECLARED_SELECTOR = YES;
				GCC_WARN_UNINITIALIZED_AUTOS = YES_AGGRESSIVE;
				GCC_WARN_UNUSED_FUNCTION = YES;
				GCC_WARN_UNUSED_VARIABLE = YES;
				IPHONEOS_DEPLOYMENT_TARGET = 16.4;
				MTL_ENABLE_DEBUG_INFO = NO;
				MTL_FAST_MATH = YES;
				SDKROOT = iphoneos;
				SWIFT_COMPILATION_MODE = wholemodule;
				SWIFT_OPTIMIZATION_LEVEL = "-O";
				VALIDATE_PRODUCT = YES;
			};
			name = Release;
		};
		40579A7C2A5F46F100709AE5 /* Debug */ = {
			isa = XCBuildConfiguration;
			buildSettings = {
				ASSETCATALOG_COMPILER_APPICON_NAME = AppIcon;
				ASSETCATALOG_COMPILER_GLOBAL_ACCENT_COLOR_NAME = AccentColor;
				CODE_SIGN_STYLE = Automatic;
				CURRENT_PROJECT_VERSION = 1;
				DEVELOPMENT_ASSET_PATHS = "\"NetflixCloneAppSwiftUI/Preview Content\"";
				DEVELOPMENT_TEAM = 7BF453L282;
				ENABLE_PREVIEWS = YES;
				GENERATE_INFOPLIST_FILE = YES;
				INFOPLIST_KEY_UIApplicationSceneManifest_Generation = YES;
				INFOPLIST_KEY_UIApplicationSupportsIndirectInputEvents = YES;
				INFOPLIST_KEY_UILaunchScreen_Generation = YES;
				INFOPLIST_KEY_UISupportedInterfaceOrientations_iPad = "UIInterfaceOrientationPortrait UIInterfaceOrientationPortraitUpsideDown UIInterfaceOrientationLandscapeLeft UIInterfaceOrientationLandscapeRight";
				INFOPLIST_KEY_UISupportedInterfaceOrientations_iPhone = "UIInterfaceOrientationPortrait UIInterfaceOrientationLandscapeLeft UIInterfaceOrientationLandscapeRight";
				LD_RUNPATH_SEARCH_PATHS = (
					"$(inherited)",
					"@executable_path/Frameworks",
				);
				MARKETING_VERSION = 1.0;
				PRODUCT_BUNDLE_IDENTIFIER = freecode.pythonanywhere.www.NetflixCloneAppSwiftUI;
				PRODUCT_NAME = "$(TARGET_NAME)";
				SWIFT_EMIT_LOC_STRINGS = YES;
				SWIFT_VERSION = 5.0;
				TARGETED_DEVICE_FAMILY = "1,2";
			};
			name = Debug;
		};
		40579A7D2A5F46F100709AE5 /* Release */ = {
			isa = XCBuildConfiguration;
			buildSettings = {
				ASSETCATALOG_COMPILER_APPICON_NAME = AppIcon;
				ASSETCATALOG_COMPILER_GLOBAL_ACCENT_COLOR_NAME = AccentColor;
				CODE_SIGN_STYLE = Automatic;
				CURRENT_PROJECT_VERSION = 1;
				DEVELOPMENT_ASSET_PATHS = "\"NetflixCloneAppSwiftUI/Preview Content\"";
				DEVELOPMENT_TEAM = 7BF453L282;
				ENABLE_PREVIEWS = YES;
				GENERATE_INFOPLIST_FILE = YES;
				INFOPLIST_KEY_UIApplicationSceneManifest_Generation = YES;
				INFOPLIST_KEY_UIApplicationSupportsIndirectInputEvents = YES;
				INFOPLIST_KEY_UILaunchScreen_Generation = YES;
				INFOPLIST_KEY_UISupportedInterfaceOrientations_iPad = "UIInterfaceOrientationPortrait UIInterfaceOrientationPortraitUpsideDown UIInterfaceOrientationLandscapeLeft UIInterfaceOrientationLandscapeRight";
				INFOPLIST_KEY_UISupportedInterfaceOrientations_iPhone = "UIInterfaceOrientationPortrait UIInterfaceOrientationLandscapeLeft UIInterfaceOrientationLandscapeRight";
				LD_RUNPATH_SEARCH_PATHS = (
					"$(inherited)",
					"@executable_path/Frameworks",
				);
				MARKETING_VERSION = 1.0;
				PRODUCT_BUNDLE_IDENTIFIER = freecode.pythonanywhere.www.NetflixCloneAppSwiftUI;
				PRODUCT_NAME = "$(TARGET_NAME)";
				SWIFT_EMIT_LOC_STRINGS = YES;
				SWIFT_VERSION = 5.0;
				TARGETED_DEVICE_FAMILY = "1,2";
			};
			name = Release;
		};
/* End XCBuildConfiguration section */

/* Begin XCConfigurationList section */
		40579A682A5F46EF00709AE5 /* Build configuration list for PBXProject "NetflixCloneAppSwiftUI" */ = {
			isa = XCConfigurationList;
			buildConfigurations = (
				40579A792A5F46F100709AE5 /* Debug */,
				40579A7A2A5F46F100709AE5 /* Release */,
			);
			defaultConfigurationIsVisible = 0;
			defaultConfigurationName = Release;
		};
		40579A7B2A5F46F100709AE5 /* Build configuration list for PBXNativeTarget "NetflixCloneAppSwiftUI" */ = {
			isa = XCConfigurationList;
			buildConfigurations = (
				40579A7C2A5F46F100709AE5 /* Debug */,
				40579A7D2A5F46F100709AE5 /* Release */,
			);
			defaultConfigurationIsVisible = 0;
			defaultConfigurationName = Release;
		};
/* End XCConfigurationList section */

/* Begin XCRemoteSwiftPackageReference section */
		40579AA32A5F799200709AE5 /* XCRemoteSwiftPackageReference "Kingfisher" */ = {
			isa = XCRemoteSwiftPackageReference;
			repositoryURL = "https://github.com/onevcat/Kingfisher.git";
			requirement = {
				kind = upToNextMajorVersion;
				minimumVersion = 7.0.0;
			};
		};
		40579AA62A5FA22E00709AE5 /* XCRemoteSwiftPackageReference "YouTubePlayerKit" */ = {
			isa = XCRemoteSwiftPackageReference;
			repositoryURL = "https://github.com/SvenTiigi/YouTubePlayerKit";
			requirement = {
				kind = upToNextMajorVersion;
				minimumVersion = 1.0.0;
			};
		};
/* End XCRemoteSwiftPackageReference section */

/* Begin XCSwiftPackageProductDependency section */
		40579AA42A5F799200709AE5 /* Kingfisher */ = {
			isa = XCSwiftPackageProductDependency;
			package = 40579AA32A5F799200709AE5 /* XCRemoteSwiftPackageReference "Kingfisher" */;
			productName = Kingfisher;
		};
		40579AA72A5FA22E00709AE5 /* YouTubePlayerKit */ = {
			isa = XCSwiftPackageProductDependency;
			package = 40579AA62A5FA22E00709AE5 /* XCRemoteSwiftPackageReference "YouTubePlayerKit" */;
			productName = YouTubePlayerKit;
		};
/* End XCSwiftPackageProductDependency section */
	};
	rootObject = 40579A652A5F46EF00709AE5 /* Project object */;
}
